
Microsoft Visual Studio Solution File, Format Version 12.00
Project("{FAE04EC0-301F-11D3-BF4B-00C04F79EFBC}") = "NekoRay", "NekoRay\NekoRay.csproj", "{ED12E179-22EE-4D9A-9B14-CA62EC4F51AB}"
EndProject
Project("{FAE04EC0-301F-11D3-BF4B-00C04F79EFBC}") = "NekoLib", "..\NekoLib\NekoLib\NekoLib.csproj", "{D4379D60-751F-4429-9357-962875FE3D52}"
EndProject
Project("{FAE04EC0-301F-11D3-BF4B-00C04F79EFBC}") = "FlappyPegasusXd", "FlappyPegasusXd\FlappyPegasusXd.csproj", "{3CAD66DB-667A-44B7-BF17-031E6BCDD65C}"
EndProject
Project("{2150E333-8FDC-42A3-9474-1A3956D46DE8}") = "Libraries", "Libraries", "{8579F219-4B3D-4616-8887-D3DD9EA0C15E}"
EndProject
Project("{2150E333-8FDC-42A3-9474-1A3956D46DE8}") = "Games", "Games", "{8B023C78-81C5-46FB-B9B1-ACE7532C36F8}"
EndProject
Project("{FAE04EC0-301F-11D3-BF4B-00C04F79EFBC}") = "HotlineSPonyami", "HotlineSPonyami\HotlineSPonyami.csproj", "{27B7EA99-D611-4686-9630-CF4FA735D00D}"
EndProject
Project("{FAE04EC0-301F-11D3-BF4B-00C04F79EFBC}") = "rlImGui", "..\rlImGui-CSharp-Vinculum\rlImGui\rlImGui.csproj", "{2ECF44F1-1F0C-480C-B9B0-2EDC227C1FE2}"
EndProject
Project("{FAE04EC0-301F-11D3-BF4B-00C04F79EFBC}") = "TowerDefence", "TowerDefence\TowerDefence.csproj", "{59206B25-B8D6-44D7-8467-ACDA0329EE48}"
EndProject
Project("{FAE04EC0-301F-11D3-BF4B-00C04F79EFBC}") = "Box2D", "..\box2c-sharp\Box2D\Box2D.csproj", "{A2D67F73-E3A4-4973-83DA-1748CCF730BE}"
EndProject
Global
	GlobalSection(SolutionConfigurationPlatforms) = preSolution
		Debug|Any CPU = Debug|Any CPU
		Release|Any CPU = Release|Any CPU
	EndGlobalSection
	GlobalSection(ProjectConfigurationPlatforms) = postSolution
		{ED12E179-22EE-4D9A-9B14-CA62EC4F51AB}.Debug|Any CPU.ActiveCfg = Debug|Any CPU
		{ED12E179-22EE-4D9A-9B14-CA62EC4F51AB}.Debug|Any CPU.Build.0 = Debug|Any CPU
		{ED12E179-22EE-4D9A-9B14-CA62EC4F51AB}.Release|Any CPU.ActiveCfg = Release|Any CPU
		{ED12E179-22EE-4D9A-9B14-CA62EC4F51AB}.Release|Any CPU.Build.0 = Release|Any CPU
		{D4379D60-751F-4429-9357-962875FE3D52}.Debug|Any CPU.ActiveCfg = Debug|Any CPU
		{D4379D60-751F-4429-9357-962875FE3D52}.Debug|Any CPU.Build.0 = Debug|Any CPU
		{D4379D60-751F-4429-9357-962875FE3D52}.Release|Any CPU.ActiveCfg = Release|Any CPU
		{D4379D60-751F-4429-9357-962875FE3D52}.Release|Any CPU.Build.0 = Release|Any CPU
		{3CAD66DB-667A-44B7-BF17-031E6BCDD65C}.Debug|Any CPU.ActiveCfg = Debug|Any CPU
		{3CAD66DB-667A-44B7-BF17-031E6BCDD65C}.Debug|Any CPU.Build.0 = Debug|Any CPU
		{3CAD66DB-667A-44B7-BF17-031E6BCDD65C}.Release|Any CPU.ActiveCfg = Release|Any CPU
		{3CAD66DB-667A-44B7-BF17-031E6BCDD65C}.Release|Any CPU.Build.0 = Release|Any CPU
		{27B7EA99-D611-4686-9630-CF4FA735D00D}.Debug|Any CPU.ActiveCfg = Debug|Any CPU
		{27B7EA99-D611-4686-9630-CF4FA735D00D}.Debug|Any CPU.Build.0 = Debug|Any CPU
		{27B7EA99-D611-4686-9630-CF4FA735D00D}.Release|Any CPU.ActiveCfg = Release|Any CPU
		{27B7EA99-D611-4686-9630-CF4FA735D00D}.Release|Any CPU.Build.0 = Release|Any CPU
		{2ECF44F1-1F0C-480C-B9B0-2EDC227C1FE2}.Debug|Any CPU.ActiveCfg = Debug|Any CPU
		{2ECF44F1-1F0C-480C-B9B0-2EDC227C1FE2}.Debug|Any CPU.Build.0 = Debug|Any CPU
		{2ECF44F1-1F0C-480C-B9B0-2EDC227C1FE2}.Release|Any CPU.ActiveCfg = Release|Any CPU
		{2ECF44F1-1F0C-480C-B9B0-2EDC227C1FE2}.Release|Any CPU.Build.0 = Release|Any CPU
		{59206B25-B8D6-44D7-8467-ACDA0329EE48}.Debug|Any CPU.ActiveCfg = Debug|Any CPU
		{59206B25-B8D6-44D7-8467-ACDA0329EE48}.Debug|Any CPU.Build.0 = Debug|Any CPU
		{59206B25-B8D6-44D7-8467-ACDA0329EE48}.Release|Any CPU.ActiveCfg = Release|Any CPU
		{59206B25-B8D6-44D7-8467-ACDA0329EE48}.Release|Any CPU.Build.0 = Release|Any CPU
		{A2D67F73-E3A4-4973-83DA-1748CCF730BE}.Debug|Any CPU.ActiveCfg = Debug|Any CPU
		{A2D67F73-E3A4-4973-83DA-1748CCF730BE}.Debug|Any CPU.Build.0 = Debug|Any CPU
		{A2D67F73-E3A4-4973-83DA-1748CCF730BE}.Release|Any CPU.ActiveCfg = Release|Any CPU
		{A2D67F73-E3A4-4973-83DA-1748CCF730BE}.Release|Any CPU.Build.0 = Release|Any CPU
	EndGlobalSection
	GlobalSection(NestedProjects) = preSolution
		{D4379D60-751F-4429-9357-962875FE3D52} = {8579F219-4B3D-4616-8887-D3DD9EA0C15E}
		{3CAD66DB-667A-44B7-BF17-031E6BCDD65C} = {8B023C78-81C5-46FB-B9B1-ACE7532C36F8}
		{27B7EA99-D611-4686-9630-CF4FA735D00D} = {8B023C78-81C5-46FB-B9B1-ACE7532C36F8}
		{2ECF44F1-1F0C-480C-B9B0-2EDC227C1FE2} = {8579F219-4B3D-4616-8887-D3DD9EA0C15E}
		{59206B25-B8D6-44D7-8467-ACDA0329EE48} = {8B023C78-81C5-46FB-B9B1-ACE7532C36F8}
		{A2D67F73-E3A4-4973-83DA-1748CCF730BE} = {8579F219-4B3D-4616-8887-D3DD9EA0C15E}
	EndGlobalSection
EndGlobal
