
Microsoft Visual Studio Solution File, Format Version 12.00
Project("{FAE04EC0-301F-11D3-BF4B-00C04F79EFBC}") = "NekoRay", "NekoRay\NekoRay.csproj", "{ED12E179-22EE-4D9A-9B14-CA62EC4F51AB}"
EndProject
Project("{FAE04EC0-301F-11D3-BF4B-00C04F79EFBC}") = "NekoLib", "..\NekoLib\NekoLib\NekoLib.csproj", "{D4379D60-751F-4429-9357-962875FE3D52}"
EndProject
Project("{FAE04EC0-301F-11D3-BF4B-00C04F79EFBC}") = "FlappyPegasusXd", "FlappyPegasusXd\FlappyPegasusXd.csproj", "{3CAD66DB-667A-44B7-BF17-031E6BCDD65C}"
EndProject
Global
	GlobalSection(SolutionConfigurationPlatforms) = preSolution
		Debug|Any CPU = Debug|Any CPU
		Release|Any CPU = Release|Any CPU
	EndGlobalSection
	GlobalSection(ProjectConfigurationPlatforms) = postSolution
		{ED12E179-22EE-4D9A-9B14-CA62EC4F51AB}.Debug|Any CPU.ActiveCfg = Debug|Any CPU
		{ED12E179-22EE-4D9A-9B14-CA62EC4F51AB}.Debug|Any CPU.Build.0 = Debug|Any CPU
		{ED12E179-22EE-4D9A-9B14-CA62EC4F51AB}.Release|Any CPU.ActiveCfg = Release|Any CPU
		{ED12E179-22EE-4D9A-9B14-CA62EC4F51AB}.Release|Any CPU.Build.0 = Release|Any CPU
		{D4379D60-751F-4429-9357-962875FE3D52}.Debug|Any CPU.ActiveCfg = Debug|Any CPU
		{D4379D60-751F-4429-9357-962875FE3D52}.Debug|Any CPU.Build.0 = Debug|Any CPU
		{D4379D60-751F-4429-9357-962875FE3D52}.Release|Any CPU.ActiveCfg = Release|Any CPU
		{D4379D60-751F-4429-9357-962875FE3D52}.Release|Any CPU.Build.0 = Release|Any CPU
		{3CAD66DB-667A-44B7-BF17-031E6BCDD65C}.Debug|Any CPU.ActiveCfg = Debug|Any CPU
		{3CAD66DB-667A-44B7-BF17-031E6BCDD65C}.Debug|Any CPU.Build.0 = Debug|Any CPU
		{3CAD66DB-667A-44B7-BF17-031E6BCDD65C}.Release|Any CPU.ActiveCfg = Release|Any CPU
		{3CAD66DB-667A-44B7-BF17-031E6BCDD65C}.Release|Any CPU.Build.0 = Release|Any CPU
	EndGlobalSection
EndGlobal
